
Microsoft Visual Studio Solution File, Format Version 12.00
# Visual Studio Version 17
VisualStudioVersion = 17.11.34929.205
MinimumVisualStudioVersion = 10.0.40219.1
Project("{FAE04EC0-301F-11D3-BF4B-00C04F79EFBC}") = "MCCToolChestDecryptor", "MCCToolChestDecryptor\MCCToolChestDecryptor.csproj", "{A0E78FAF-07BB-451B-ACB5-2884D71495D7}"
EndProject
Global
	GlobalSection(SolutionConfigurationPlatforms) = preSolution
		Debug|Any CPU = Debug|Any CPU
		Release|Any CPU = Release|Any CPU
	EndGlobalSection
	GlobalSection(ProjectConfigurationPlatforms) = postSolution
		{A0E78FAF-07BB-451B-ACB5-2884D71495D7}.Debug|Any CPU.ActiveCfg = Debug|Any CPU
		{A0E78FAF-07BB-451B-ACB5-2884D71495D7}.Debug|Any CPU.Build.0 = Debug|Any CPU
		{A0E78FAF-07BB-451B-ACB5-2884D71495D7}.Release|Any CPU.ActiveCfg = Release|Any CPU
		{A0E78FAF-07BB-451B-ACB5-2884D71495D7}.Release|Any CPU.Build.0 = Release|Any CPU
	EndGlobalSection
	GlobalSection(SolutionProperties) = preSolution
		HideSolutionNode = FALSE
	EndGlobalSection
	GlobalSection(ExtensibilityGlobals) = postSolution
		SolutionGuid = {87080A8C-5C52-4CC2-917B-98ABD6195788}
	EndGlobalSection
EndGlobal
